
Microsoft Visual Studio Solution File, Format Version 12.00
Project("{FAE04EC0-301F-11D3-BF4B-00C04F79EFBC}") = "Esdc", "Esdc\Esdc.csproj", "{E2A80B31-38B8-46AA-86BE-A989E9571D64}"
EndProject
Project("{FAE04EC0-301F-11D3-BF4B-00C04F79EFBC}") = "TestEsdc", "TestEsdc\TestEsdc.csproj", "{6E6C18B5-169D-456C-9894-91618887B095}"
EndProject
Global
	GlobalSection(SolutionConfigurationPlatforms) = preSolution
		Debug|Any CPU = Debug|Any CPU
		Release|Any CPU = Release|Any CPU
	EndGlobalSection
	GlobalSection(ProjectConfigurationPlatforms) = postSolution
		{E2A80B31-38B8-46AA-86BE-A989E9571D64}.Debug|Any CPU.ActiveCfg = Debug|Any CPU
		{E2A80B31-38B8-46AA-86BE-A989E9571D64}.Debug|Any CPU.Build.0 = Debug|Any CPU
		{E2A80B31-38B8-46AA-86BE-A989E9571D64}.Release|Any CPU.ActiveCfg = Release|Any CPU
		{E2A80B31-38B8-46AA-86BE-A989E9571D64}.Release|Any CPU.Build.0 = Release|Any CPU
		{6E6C18B5-169D-456C-9894-91618887B095}.Debug|Any CPU.ActiveCfg = Debug|Any CPU
		{6E6C18B5-169D-456C-9894-91618887B095}.Debug|Any CPU.Build.0 = Debug|Any CPU
		{6E6C18B5-169D-456C-9894-91618887B095}.Release|Any CPU.ActiveCfg = Release|Any CPU
		{6E6C18B5-169D-456C-9894-91618887B095}.Release|Any CPU.Build.0 = Release|Any CPU
	EndGlobalSection
EndGlobal
